Microsoft Visual Studio Solution File, Format Version 12.00
# Visual Studio Version 17
VisualStudioVersion = 17.5.2.0
MinimumVisualStudioVersion = 10.0.40219.1
Project("{FAE04EC0-301F-11D3-BF4B-00C04F79EFBC}") = "ProjetoMinimalApi", "ProjetoMinimalApi.csproj", "{FF8763A2-C8E0-529F-5365-5349AD6768E4}"
EndProject
Global
	GlobalSection(SolutionConfigurationPlatforms) = preSolution
		Debug|Any CPU = Debug|Any CPU
		Release|Any CPU = Release|Any CPU
	EndGlobalSection
	GlobalSection(ProjectConfigurationPlatforms) = postSolution
		{FF8763A2-C8E0-529F-5365-5349AD6768E4}.Debug|Any CPU.ActiveCfg = Debug|Any CPU
		{FF8763A2-C8E0-529F-5365-5349AD6768E4}.Debug|Any CPU.Build.0 = Debug|Any CPU
		{FF8763A2-C8E0-529F-5365-5349AD6768E4}.Release|Any CPU.ActiveCfg = Release|Any CPU
		{FF8763A2-C8E0-529F-5365-5349AD6768E4}.Release|Any CPU.Build.0 = Release|Any CPU
	EndGlobalSection
	GlobalSection(SolutionProperties) = preSolution
		HideSolutionNode = FALSE
	EndGlobalSection
	GlobalSection(ExtensibilityGlobals) = postSolution
		SolutionGuid = {877D8738-8CDC-4CC5-9CE9-3CBE41FA13C5}
	EndGlobalSection
EndGlobal
