
Microsoft Visual Studio Solution File, Format Version 12.00
# Visual Studio Version 17
VisualStudioVersion = 17.5.002.0
MinimumVisualStudioVersion = 10.0.40219.1
Project("{9A19103F-16F7-4668-BE54-9A1E7A4F7556}") = "ExemploExplorando", "ExemploExplorando.csproj", "{60467827-23F6-4C56-86B2-E61A7ECE2AC2}"
EndProject
Global
	GlobalSection(SolutionConfigurationPlatforms) = preSolution
		Debug|Any CPU = Debug|Any CPU
		Release|Any CPU = Release|Any CPU
	EndGlobalSection
	GlobalSection(ProjectConfigurationPlatforms) = postSolution
		{60467827-23F6-4C56-86B2-E61A7ECE2AC2}.Debug|Any CPU.ActiveCfg = Debug|Any CPU
		{60467827-23F6-4C56-86B2-E61A7ECE2AC2}.Debug|Any CPU.Build.0 = Debug|Any CPU
		{60467827-23F6-4C56-86B2-E61A7ECE2AC2}.Release|Any CPU.ActiveCfg = Release|Any CPU
		{60467827-23F6-4C56-86B2-E61A7ECE2AC2}.Release|Any CPU.Build.0 = Release|Any CPU
	EndGlobalSection
	GlobalSection(SolutionProperties) = preSolution
		HideSolutionNode = FALSE
	EndGlobalSection
	GlobalSection(ExtensibilityGlobals) = postSolution
		SolutionGuid = {ACEDA1AB-730D-4EDC-BB4C-0160E09650D9}
	EndGlobalSection
EndGlobal
